
Microsoft Visual Studio Solution File, Format Version 12.00
# Visual Studio 15
VisualStudioVersion = 15.0.27703.2042
MinimumVisualStudioVersion = 10.0.40219.1
Project("{FAE04EC0-301F-11D3-BF4B-00C04F79EFBC}") = "WindowsFormsView", "WindowsFormsView\WindowsFormsView.csproj", "{0AD03548-F137-486E-A1FC-76E265ED8999}"
EndProject
Project("{FAE04EC0-301F-11D3-BF4B-00C04F79EFBC}") = "Models", "Models\Models.csproj", "{E4E98A4A-BDA1-4227-9FB9-F7D2216CCE61}"
EndProject
Project("{FAE04EC0-301F-11D3-BF4B-00C04F79EFBC}") = "Controllers", "Controllers\Controllers.csproj", "{27F6F3FF-24CD-4964-B577-5C4FC84A55A0}"
EndProject
Global
	GlobalSection(SolutionConfigurationPlatforms) = preSolution
		Debug|Any CPU = Debug|Any CPU
		Release|Any CPU = Release|Any CPU
	EndGlobalSection
	GlobalSection(ProjectConfigurationPlatforms) = postSolution
		{0AD03548-F137-486E-A1FC-76E265ED8999}.Debug|Any CPU.ActiveCfg = Debug|Any CPU
		{0AD03548-F137-486E-A1FC-76E265ED8999}.Debug|Any CPU.Build.0 = Debug|Any CPU
		{0AD03548-F137-486E-A1FC-76E265ED8999}.Release|Any CPU.ActiveCfg = Release|Any CPU
		{0AD03548-F137-486E-A1FC-76E265ED8999}.Release|Any CPU.Build.0 = Release|Any CPU
		{E4E98A4A-BDA1-4227-9FB9-F7D2216CCE61}.Debug|Any CPU.ActiveCfg = Debug|Any CPU
		{E4E98A4A-BDA1-4227-9FB9-F7D2216CCE61}.Debug|Any CPU.Build.0 = Debug|Any CPU
		{E4E98A4A-BDA1-4227-9FB9-F7D2216CCE61}.Release|Any CPU.ActiveCfg = Release|Any CPU
		{E4E98A4A-BDA1-4227-9FB9-F7D2216CCE61}.Release|Any CPU.Build.0 = Release|Any CPU
		{27F6F3FF-24CD-4964-B577-5C4FC84A55A0}.Debug|Any CPU.ActiveCfg = Debug|Any CPU
		{27F6F3FF-24CD-4964-B577-5C4FC84A55A0}.Debug|Any CPU.Build.0 = Debug|Any CPU
		{27F6F3FF-24CD-4964-B577-5C4FC84A55A0}.Release|Any CPU.ActiveCfg = Release|Any CPU
		{27F6F3FF-24CD-4964-B577-5C4FC84A55A0}.Release|Any CPU.Build.0 = Release|Any CPU
	EndGlobalSection
	GlobalSection(SolutionProperties) = preSolution
		HideSolutionNode = FALSE
	EndGlobalSection
	GlobalSection(ExtensibilityGlobals) = postSolution
		SolutionGuid = {F62C36D3-9D00-4D1F-B56A-29E43C3A1834}
	EndGlobalSection
EndGlobal
